
Microsoft Visual Studio Solution File, Format Version 12.00
# Visual Studio Version 16
VisualStudioVersion = 16.0.30804.86
MinimumVisualStudioVersion = 10.0.40219.1
Project("{8BC9CEB8-8B4A-11D0-8D11-00A0C91BC942}") = "С_steganography", "С_steganography\С_steganography.vcxproj", "{A6910668-AB6D-4E6F-8FDA-4CC410094143}"
EndProject
Global
	GlobalSection(SolutionConfigurationPlatforms) = preSolution
		Debug|x64 = Debug|x64
		Debug|x86 = Debug|x86
		Release|x64 = Release|x64
		Release|x86 = Release|x86
	EndGlobalSection
	GlobalSection(ProjectConfigurationPlatforms) = postSolution
		{A6910668-AB6D-4E6F-8FDA-4CC410094143}.Debug|x64.ActiveCfg = Debug|x64
		{A6910668-AB6D-4E6F-8FDA-4CC410094143}.Debug|x64.Build.0 = Debug|x64
		{A6910668-AB6D-4E6F-8FDA-4CC410094143}.Debug|x86.ActiveCfg = Debug|Win32
		{A6910668-AB6D-4E6F-8FDA-4CC410094143}.Debug|x86.Build.0 = Debug|Win32
		{A6910668-AB6D-4E6F-8FDA-4CC410094143}.Release|x64.ActiveCfg = Release|x64
		{A6910668-AB6D-4E6F-8FDA-4CC410094143}.Release|x64.Build.0 = Release|x64
		{A6910668-AB6D-4E6F-8FDA-4CC410094143}.Release|x86.ActiveCfg = Release|Win32
		{A6910668-AB6D-4E6F-8FDA-4CC410094143}.Release|x86.Build.0 = Release|Win32
	EndGlobalSection
	GlobalSection(SolutionProperties) = preSolution
		HideSolutionNode = FALSE
	EndGlobalSection
	GlobalSection(ExtensibilityGlobals) = postSolution
		SolutionGuid = {653A067D-558D-42D2-982C-72D19B0BBF19}
	EndGlobalSection
EndGlobal
